
Microsoft Visual Studio Solution File, Format Version 12.00
# Visual Studio Version 17
VisualStudioVersion = 17.9.34902.65
MinimumVisualStudioVersion = 10.0.40219.1
Project("{FAE04EC0-301F-11D3-BF4B-00C04F79EFBC}") = "CSharp", "CSharp\CSharp.csproj", "{273C2585-2268-42C3-8811-B95C41A33849}"
EndProject
Global
	GlobalSection(SolutionConfigurationPlatforms) = preSolution
		Debug|Any CPU = Debug|Any CPU
		Release|Any CPU = Release|Any CPU
	EndGlobalSection
	GlobalSection(ProjectConfigurationPlatforms) = postSolution
		{273C2585-2268-42C3-8811-B95C41A33849}.Debug|Any CPU.ActiveCfg = Debug|Any CPU
		{273C2585-2268-42C3-8811-B95C41A33849}.Debug|Any CPU.Build.0 = Debug|Any CPU
		{273C2585-2268-42C3-8811-B95C41A33849}.Release|Any CPU.ActiveCfg = Release|Any CPU
		{273C2585-2268-42C3-8811-B95C41A33849}.Release|Any CPU.Build.0 = Release|Any CPU
	EndGlobalSection
	GlobalSection(SolutionProperties) = preSolution
		HideSolutionNode = FALSE
	EndGlobalSection
	GlobalSection(ExtensibilityGlobals) = postSolution
		SolutionGuid = {7A111A16-FB14-4D32-83A1-F81D5101A154}
	EndGlobalSection
EndGlobal
